PODS:
  - Falcon-iOS (1.0.0)

DEPENDENCIES:
  - Falcon-iOS (from `https://raw.githubusercontent.com/Picovoice/falcon/falcon-ios/binding/ios/Falcon-iOS.podspec`)

EXTERNAL SOURCES:
  Falcon-iOS:
    :podspec: https://raw.githubusercontent.com/Picovoice/falcon/falcon-ios/binding/ios/Falcon-iOS.podspec

CHECKOUT OPTIONS:
  Falcon-iOS:
    :commit: 035efdfd6a93b2659aeb01e7e865acc269b74923
    :git: https://github.com/Picovoice/falcon.git

SPEC CHECKSUMS:
  Falcon-iOS: 5f86da4b15dc15651db28c343bace367cfd8211c

PODFILE CHECKSUM: 6f1b6336202fa03a7de412cb08ac53bb247a2369

COCOAPODS: 1.15.2
